
Microsoft Visual Studio Solution File, Format Version 12.00
# Visual Studio 15
VisualStudioVersion = 15.0.27130.2024
MinimumVisualStudioVersion = 10.0.40219.1
Project("{9A19103F-16F7-4668-BE54-9A1E7A4F7556}") = "LightNode2.Core", "LightNode2.Core\LightNode2.Core.csproj", "{988B970E-132D-4C5F-95ED-170F2174D71D}"
EndProject
Project("{9A19103F-16F7-4668-BE54-9A1E7A4F7556}") = "LightNode2.Formatter.Jil", "LightNode2.Formatter.Jil\LightNode2.Formatter.Jil.csproj", "{7F7316D1-D83F-4778-90D4-3FF59A8C58FA}"
EndProject
Project("{9A19103F-16F7-4668-BE54-9A1E7A4F7556}") = "LightNode2.Formatter.JsonNet", "LightNode2.Formatter.JsonNet\LightNode2.Formatter.JsonNet.csproj", "{F9E7D220-82C8-4DFF-A590-593C8230F4E0}"
EndProject
Global
	GlobalSection(SolutionConfigurationPlatforms) = preSolution
		Debug|Any CPU = Debug|Any CPU
		Release|Any CPU = Release|Any CPU
	EndGlobalSection
	GlobalSection(ProjectConfigurationPlatforms) = postSolution
		{988B970E-132D-4C5F-95ED-170F2174D71D}.Debug|Any CPU.ActiveCfg = Debug|Any CPU
		{988B970E-132D-4C5F-95ED-170F2174D71D}.Debug|Any CPU.Build.0 = Debug|Any CPU
		{988B970E-132D-4C5F-95ED-170F2174D71D}.Release|Any CPU.ActiveCfg = Release|Any CPU
		{988B970E-132D-4C5F-95ED-170F2174D71D}.Release|Any CPU.Build.0 = Release|Any CPU
		{7F7316D1-D83F-4778-90D4-3FF59A8C58FA}.Debug|Any CPU.ActiveCfg = Debug|Any CPU
		{7F7316D1-D83F-4778-90D4-3FF59A8C58FA}.Debug|Any CPU.Build.0 = Debug|Any CPU
		{7F7316D1-D83F-4778-90D4-3FF59A8C58FA}.Release|Any CPU.ActiveCfg = Release|Any CPU
		{7F7316D1-D83F-4778-90D4-3FF59A8C58FA}.Release|Any CPU.Build.0 = Release|Any CPU
		{F9E7D220-82C8-4DFF-A590-593C8230F4E0}.Debug|Any CPU.ActiveCfg = Debug|Any CPU
		{F9E7D220-82C8-4DFF-A590-593C8230F4E0}.Debug|Any CPU.Build.0 = Debug|Any CPU
		{F9E7D220-82C8-4DFF-A590-593C8230F4E0}.Release|Any CPU.ActiveCfg = Release|Any CPU
		{F9E7D220-82C8-4DFF-A590-593C8230F4E0}.Release|Any CPU.Build.0 = Release|Any CPU
	EndGlobalSection
	GlobalSection(SolutionProperties) = preSolution
		HideSolutionNode = FALSE
	EndGlobalSection
	GlobalSection(ExtensibilityGlobals) = postSolution
		SolutionGuid = {4D51B99D-110E-4F94-B6C0-500F7D89E751}
	EndGlobalSection
EndGlobal
